
Microsoft Visual Studio Solution File, Format Version 12.00
# Visual Studio Version 16
VisualStudioVersion = 16.0.32228.343
MinimumVisualStudioVersion = 10.0.40219.1
Project("{FAE04EC0-301F-11D3-BF4B-00C04F79EFBC}") = "Variables7.16.22", "Variables7.16.22\Variables7.16.22.csproj", "{B220BC13-0FC7-4509-9F76-6E3D4C77A3B9}"
EndProject
Global
	GlobalSection(SolutionConfigurationPlatforms) = preSolution
		Debug|Any CPU = Debug|Any CPU
		Release|Any CPU = Release|Any CPU
	EndGlobalSection
	GlobalSection(ProjectConfigurationPlatforms) = postSolution
		{B220BC13-0FC7-4509-9F76-6E3D4C77A3B9}.Debug|Any CPU.ActiveCfg = Debug|Any CPU
		{B220BC13-0FC7-4509-9F76-6E3D4C77A3B9}.Debug|Any CPU.Build.0 = Debug|Any CPU
		{B220BC13-0FC7-4509-9F76-6E3D4C77A3B9}.Release|Any CPU.ActiveCfg = Release|Any CPU
		{B220BC13-0FC7-4509-9F76-6E3D4C77A3B9}.Release|Any CPU.Build.0 = Release|Any CPU
	EndGlobalSection
	GlobalSection(SolutionProperties) = preSolution
		HideSolutionNode = FALSE
	EndGlobalSection
	GlobalSection(ExtensibilityGlobals) = postSolution
		SolutionGuid = {17AC748E-BE8B-4598-8591-EE8A65123ACB}
	EndGlobalSection
EndGlobal
